{
  "name": "relock-npm-lock-v2-YdVSAv",
  "lockfileVersion": 3,
  "requires": true,
  "packages": {
    "": {
      "dependencies": {
        "@upstash/kafka": "^1.3.5"
      }
    },
    "node_modules/@upstash/kafka": {
      "version": "1.3.5",
      "resolved": "https://registry.npmjs.org/@upstash/kafka/-/kafka-1.3.5.tgz",
      "integrity": "sha512-BQYwjE2gD0tbSLo7aBXLaQn+yNObHVTr9igGG4WsFM/rlFLHsHTWvuu9tkEqSdSmjicvJZg5Hf9hMzXblYUZxA==",
      "license": "MIT",
      "engines": {
        "node": ">=18"
      }
    }
  }
}
